// !$*UTF8*$!
{
	archiveVersion = 1;
	classes = {
	};
	objectVersion = 50;
	objects = {

/* Begin PBXBuildFile section */
		AA20B95623BBD35F00FF9ABE /* AppDelegate.swift in Sources */ = {isa = PBXBuildFile; fileRef = AA20B95523BBD35F00FF9ABE /* AppDelegate.swift */; };
		AA20B95823BBD35F00FF9ABE /* SceneDelegate.swift in Sources */ = {isa = PBXBuildFile; fileRef = AA20B95723BBD35F00FF9ABE /* SceneDelegate.swift */; };
		AA20B95A23BBD35F00FF9ABE /* ViewController.swift in Sources */ = {isa = PBXBuildFile; fileRef = AA20B95923BBD35F00FF9ABE /* ViewController.swift */; };
		AA20B95D23BBD35F00FF9ABE /* Main.storyboard in Resources */ = {isa = PBXBuildFile; fileRef = AA20B95B23BBD35F00FF9ABE /* Main.storyboard */; };
		AA20B95F23BBD36100FF9ABE /* Assets.xcassets in Resources */ = {isa = PBXBuildFile; fileRef = AA20B95E23BBD36100FF9ABE /* Assets.xcassets */; };
		AA20B96223BBD36100FF9ABE /* LaunchScreen.storyboard in Resources */ = {isa = PBXBuildFile; fileRef = AA20B96023BBD36100FF9ABE /* LaunchScreen.storyboard */; };
/* End PBXBuildFile section */

/* Begin PBXFileReference section */
		AA20B95223BBD35F00FF9ABE /* MainApplication.app */ = {isa = PBXFileReference; explicitFileType = wrapper.application; includeInIndex = 0; path = MainApplication.app; sourceTree = BUILT_PRODUCTS_DIR; };
		AA20B95523BBD35F00FF9ABE /* AppDelegate.swift */ = {isa = PBXFileReference; lastKnownFileType = sourcecode.swift; path = AppDelegate.swift; sourceTree = "<group>"; };
		AA20B95723BBD35F00FF9ABE /* SceneDelegate.swift */ = {isa = PBXFileReference; lastKnownFileType = sourcecode.swift; path = SceneDelegate.swift; sourceTree = "<group>"; };
		AA20B95923BBD35F00FF9ABE /* ViewController.swift */ = {isa = PBXFileReference; lastKnownFileType = sourcecode.swift; path = ViewController.swift; sourceTree = "<group>"; };
		AA20B95C23BBD35F00FF9ABE /* Base */ = {isa = PBXFileReference; lastKnownFileType = file.storyboard; name = Base; path = Base.lproj/Main.storyboard; sourceTree = "<group>"; };
		AA20B95E23BBD36100FF9ABE /* Assets.xcassets */ = {isa = PBXFileReference; lastKnownFileType = folder.assetcatalog; path = Assets.xcassets; sourceTree = "<group>"; };
		AA20B96123BBD36100FF9ABE /* Base */ = {isa = PBXFileReference; lastKnownFileType = file.storyboard; name = Base; path = Base.lproj/LaunchScreen.storyboard; sourceTree = "<group>"; };
		AA20B96323BBD36100FF9ABE /* Info.plist */ = {isa = PBXFileReference; lastKnownFileType = text.plist.xml; path = Info.plist; sourceTree = "<group>"; };
/* End PBXFileReference section */

/* Begin PBXFrameworksBuildPhase section */
		AA20B94F23BBD35F00FF9ABE /* Frameworks */ = {
			isa = PBXFrameworksBuildPhase;
			buildActionMask = 2147483647;
			files = (
			);
			runOnlyForDeploymentPostprocessing = 0;
		};
/* End PBXFrameworksBuildPhase section */

/* Begin PBXGroup section */
		AA20B94923BBD35F00FF9ABE = {
			isa = PBXGroup;
			children = (
				AA20B95423BBD35F00FF9ABE /* MainApplication */,
				AA20B95323BBD35F00FF9ABE /* Products */,
			);
			sourceTree = "<group>";
		};
		AA20B95323BBD35F00FF9ABE /* Products */ = {
			isa = PBXGroup;
			children = (
				AA20B95223BBD35F00FF9ABE /* MainApplication.app */,
			);
			name = Products;
			sourceTree = "<group>";
		};
		AA20B95423BBD35F00FF9ABE /* MainApplication */ = {
			isa = PBXGroup;
			children = (
				AA20B95523BBD35F00FF9ABE /* AppDelegate.swift */,
				AA20B95723BBD35F00FF9ABE /* SceneDelegate.swift */,
				AA20B95923BBD35F00FF9ABE /* ViewController.swift */,
				AA20B95B23BBD35F00FF9ABE /* Main.storyboard */,
				AA20B95E23BBD36100FF9ABE /* Assets.xcassets */,
				AA20B96023BBD36100FF9ABE /* LaunchScreen.storyboard */,
				AA20B96323BBD36100FF9ABE /* Info.plist */,
			);
			path = MainApplication;
			sourceTree = "<group>";
		};
/* End PBXGroup section */

/* Begin PBXNativeTarget section */
		AA20B95123BBD35F00FF9ABE /* MainApplication */ = {
			isa = PBXNativeTarget;
			buildConfigurationList = AA20B96623BBD36100FF9ABE /* Build configuration list for PBXNativeTarget "MainApplication" */;
			buildPhases = (
				AA20B94E23BBD35F00FF9ABE /* Sources */,
				AA20B94F23BBD35F00FF9ABE /* Frameworks */,
				AA20B95023BBD35F00FF9ABE /* Resources */,
			);
			buildRules = (
			);
			dependencies = (
			);
			name = MainApplication;
			productName = MainApplication;
			productReference = AA20B95223BBD35F00FF9ABE /* MainApplication.app */;
			productType = "com.apple.product-type.application";
		};
/* End PBXNativeTarget section */

/* Begin PBXProject section */
		AA20B94A23BBD35F00FF9ABE /* Project object */ = {
			isa = PBXProject;
			attributes = {
				LastSwiftUpdateCheck = 1110;
				LastUpgradeCheck = 1110;
				ORGANIZATIONNAME = "Luis Gonzalez";
				TargetAttributes = {
					AA20B95123BBD35F00FF9ABE = {
						CreatedOnToolsVersion = 11.1;
					};
				};
			};
			buildConfigurationList = AA20B94D23BBD35F00FF9ABE /* Build configuration list for PBXProject "MainApplication" */;
			compatibilityVersion = "Xcode 9.3";
			developmentRegion = en;
			hasScannedForEncodings = 0;
			knownRegions = (
				en,
				Base,
			);
			mainGroup = AA20B94923BBD35F00FF9ABE;
			productRefGroup = AA20B95323BBD35F00FF9ABE /* Products */;
			projectDirPath = "";
			projectRoot = "";
			targets = (
				AA20B95123BBD35F00FF9ABE /* MainApplication */,
			);
		};
/* End PBXProject section */

/* Begin PBXResourcesBuildPhase section */
		AA20B95023BBD35F00FF9ABE /* Resources */ = {
			isa = PBXResourcesBuildPhase;
			buildActionMask = 2147483647;
			files = (
				AA20B96223BBD36100FF9ABE /* LaunchScreen.storyboard in Resources */,
				AA20B95F23BBD36100FF9ABE /* Assets.xcassets in Resources */,
				AA20B95D23BBD35F00FF9ABE /* Main.storyboard in Resources */,
			);
			runOnlyForDeploymentPostprocessing = 0;
		};
/* End PBXResourcesBuildPhase section */

/* Begin PBXSourcesBuildPhase section */
		AA20B94E23BBD35F00FF9ABE /* Sources */ = {
			isa = PBXSourcesBuildPhase;
			buildActionMask = 2147483647;
			files = (
				AA20B95A23BBD35F00FF9ABE /* ViewController.swift in Sources */,
				AA20B95623BBD35F00FF9ABE /* AppDelegate.swift in Sources */,
				AA20B95823BBD35F00FF9ABE /* SceneDelegate.swift in Sources */,
			);
			runOnlyForDeploymentPostprocessing = 0;
		};
/* End PBXSourcesBuildPhase section */

/* Begin PBXVariantGroup section */
		AA20B95B23BBD35F00FF9ABE /* Main.storyboard */ = {
			isa = PBXVariantGroup;
			children = (
				AA20B95C23BBD35F00FF9ABE /* Base */,
			);
			name = Main.storyboard;
			sourceTree = "<group>";
		};
		AA20B96023BBD36100FF9ABE /* LaunchScreen.storyboard */ = {
			isa = PBXVariantGroup;
			children = (
				AA20B96123BBD36100FF9ABE /* Base */,
			);
			name = LaunchScreen.storyboard;
			sourceTree = "<group>";
		};
/* End PBXVariantGroup section */

/* Begin XCBuildConfiguration section */
		AA20B96423BBD36100FF9ABE /* Debug */ = {
			isa = XCBuildConfiguration;
			buildSettings = {
				ALWAYS_SEARCH_USER_PATHS = NO;
				CLANG_ANALYZER_NONNULL = YES;
				CLANG_ANALYZER_NUMBER_OBJECT_CONVERSION = YES_AGGRESSIVE;
				CLANG_CXX_LANGUAGE_STANDARD = "gnu++14";
				CLANG_CXX_LIBRARY = "libc++";
				CLANG_ENABLE_MODULES = YES;
				CLANG_ENABLE_OBJC_ARC = YES;
				CLANG_ENABLE_OBJC_WEAK = YES;
				CLANG_WARN_BLOCK_CAPTURE_AUTORELEASING = YES;
				CLANG_WARN_BOOL_CONVERSION = YES;
				CLANG_WARN_COMMA = YES;
				CLANG_WARN_CONSTANT_CONVERSION = YES;
				CLANG_WARN_DEPRECATED_OBJC_IMPLEMENTATIONS = YES;
				CLANG_WARN_DIRECT_OBJC_ISA_USAGE = YES_ERROR;
				CLANG_WARN_DOCUMENTATION_COMMENTS = YES;
				CLANG_WARN_EMPTY_BODY = YES;
				CLANG_WARN_ENUM_CONVERSION = YES;
				CLANG_WARN_INFINITE_RECURSION = YES;
				CLANG_WARN_INT_CONVERSION = YES;
				CLANG_WARN_NON_LITERAL_NULL_CONVERSION = YES;
				CLANG_WARN_OBJC_IMPLICIT_RETAIN_SELF = YES;
				CLANG_WARN_OBJC_LITERAL_CONVERSION = YES;
				CLANG_WARN_OBJC_ROOT_CLASS = YES_ERROR;
				CLANG_WARN_RANGE_LOOP_ANALYSIS = YES;
				CLANG_WARN_STRICT_PROTOTYPES = YES;
				CLANG_WARN_SUSPICIOUS_MOVE = YES;
				CLANG_WARN_UNGUARDED_AVAILABILITY = YES_AGGRESSIVE;
				CLANG_WARN_UNREACHABLE_CODE = YES;
				CLANG_WARN__DUPLICATE_METHOD_MATCH = YES;
				COPY_PHASE_STRIP = NO;
				DEBUG_INFORMATION_FORMAT = dwarf;
				ENABLE_STRICT_OBJC_MSGSEND = YES;
				ENABLE_TESTABILITY = YES;
				GCC_C_LANGUAGE_STANDARD = gnu11;
				GCC_DYNAMIC_NO_PIC = NO;
				GCC_NO_COMMON_BLOCKS = YES;
				GCC_OPTIMIZATION_LEVEL = 0;
				GCC_PREPROCESSOR_DEFINITIONS = (
					"DEBUG=1",
					"$(inherited)",
				);
				GCC_WARN_64_TO_32_BIT_CONVERSION = YES;
				GCC_WARN_ABOUT_RETURN_TYPE = YES_ERROR;
				GCC_WARN_UNDECLARED_SELECTOR = YES;
				GCC_WARN_UNINITIALIZED_AUTOS = YES_AGGRESSIVE;
				GCC_WARN_UNUSED_FUNCTION = YES;
				GCC_WARN_UNUSED_VARIABLE = YES;
				IPHONEOS_DEPLOYMENT_TARGET = 13.1;
				MTL_ENABLE_DEBUG_INFO = INCLUDE_SOURCE;
				MTL_FAST_MATH = YES;
				ONLY_ACTIVE_ARCH = YES;
				SDKROOT = iphoneos;
				SWIFT_ACTIVE_COMPILATION_CONDITIONS = DEBUG;
				SWIFT_OPTIMIZATION_LEVEL = "-Onone";
			};
			name = Debug;
		};
		AA20B96523BBD36100FF9ABE /* Release */ = {
			isa = XCBuildConfiguration;
			buildSettings = {
				ALWAYS_SEARCH_USER_PATHS = NO;
				CLANG_ANALYZER_NONNULL = YES;
				CLANG_ANALYZER_NUMBER_OBJECT_CONVERSION = YES_AGGRESSIVE;
				CLANG_CXX_LANGUAGE_STANDARD = "gnu++14";
				CLANG_CXX_LIBRARY = "libc++";
				CLANG_ENABLE_MODULES = YES;
				CLANG_ENABLE_OBJC_ARC = YES;
				CLANG_ENABLE_OBJC_WEAK = YES;
				CLANG_WARN_BLOCK_CAPTURE_AUTORELEASING = YES;
				CLANG_WARN_BOOL_CONVERSION = YES;
				CLANG_WARN_COMMA = YES;
				CLANG_WARN_CONSTANT_CONVERSION = YES;
				CLANG_WARN_DEPRECATED_OBJC_IMPLEMENTATIONS = YES;
				CLANG_WARN_DIRECT_OBJC_ISA_USAGE = YES_ERROR;
				CLANG_WARN_DOCUMENTATION_COMMENTS = YES;
				CLANG_WARN_EMPTY_BODY = YES;
				CLANG_WARN_ENUM_CONVERSION = YES;
				CLANG_WARN_INFINITE_RECURSION = YES;
				CLANG_WARN_INT_CONVERSION = YES;
				CLANG_WARN_NON_LITERAL_NULL_CONVERSION = YES;
				CLANG_WARN_OBJC_IMPLICIT_RETAIN_SELF = YES;
				CLANG_WARN_OBJC_LITERAL_CONVERSION = YES;
				CLANG_WARN_OBJC_ROOT_CLASS = YES_ERROR;
				CLANG_WARN_RANGE_LOOP_ANALYSIS = YES;
				CLANG_WARN_STRICT_PROTOTYPES = YES;
				CLANG_WARN_SUSPICIOUS_MOVE = YES;
				CLANG_WARN_UNGUARDED_AVAILABILITY = YES_AGGRESSIVE;
				CLANG_WARN_UNREACHABLE_CODE = YES;
				CLANG_WARN__DUPLICATE_METHOD_MATCH = YES;
				COPY_PHASE_STRIP = NO;
				DEBUG_INFORMATION_FORMAT = "dwarf-with-dsym";
				ENABLE_NS_ASSERTIONS = NO;
				ENABLE_STRICT_OBJC_MSGSEND = YES;
				GCC_C_LANGUAGE_STANDARD = gnu11;
				GCC_NO_COMMON_BLOCKS = YES;
				GCC_WARN_64_TO_32_BIT_CONVERSION = YES;
				GCC_WARN_ABOUT_RETURN_TYPE = YES_ERROR;
				GCC_WARN_UNDECLARED_SELECTOR = YES;
				GCC_WARN_UNINITIALIZED_AUTOS = YES_AGGRESSIVE;
				GCC_WARN_UNUSED_FUNCTION = YES;
				GCC_WARN_UNUSED_VARIABLE = YES;
				IPHONEOS_DEPLOYMENT_TARGET = 13.1;
				MTL_ENABLE_DEBUG_INFO = NO;
				MTL_FAST_MATH = YES;
				SDKROOT = iphoneos;
				SWIFT_COMPILATION_MODE = wholemodule;
				SWIFT_OPTIMIZATION_LEVEL = "-O";
				VALIDATE_PRODUCT = YES;
			};
			name = Release;
		};
		AA20B96723BBD36100FF9ABE /* Debug */ = {
			isa = XCBuildConfiguration;
			buildSettings = {
				ASSETCATALOG_COMPILER_APPICON_NAME = AppIcon;
				CODE_SIGN_STYLE = Automatic;
				DEVELOPMENT_TEAM = JF2QWQP6HA;
				INFOPLIST_FILE = MainApplication/Info.plist;
				LD_RUNPATH_SEARCH_PATHS = (
					"$(inherited)",
					"@executable_path/Frameworks",
				);
				PRODUCT_BUNDLE_IDENTIFIER = mainApplication.MainApplication;
				PRODUCT_NAME = "$(TARGET_NAME)";
				SWIFT_VERSION = 5.0;
				TARGETED_DEVICE_FAMILY = "1,2";
			};
			name = Debug;
		};
		AA20B96823BBD36100FF9ABE /* Release */ = {
			isa = XCBuildConfiguration;
			buildSettings = {
				ASSETCATALOG_COMPILER_APPICON_NAME = AppIcon;
				CODE_SIGN_STYLE = Automatic;
				DEVELOPMENT_TEAM = JF2QWQP6HA;
				INFOPLIST_FILE = MainApplication/Info.plist;
				LD_RUNPATH_SEARCH_PATHS = (
					"$(inherited)",
					"@executable_path/Frameworks",
				);
				PRODUCT_BUNDLE_IDENTIFIER = mainApplication.MainApplication;
				PRODUCT_NAME = "$(TARGET_NAME)";
				SWIFT_VERSION = 5.0;
				TARGETED_DEVICE_FAMILY = "1,2";
			};
			name = Release;
		};
/* End XCBuildConfiguration section */

/* Begin XCConfigurationList section */
		AA20B94D23BBD35F00FF9ABE /* Build configuration list for PBXProject "MainApplication" */ = {
			isa = XCConfigurationList;
			buildConfigurations = (
				AA20B96423BBD36100FF9ABE /* Debug */,
				AA20B96523BBD36100FF9ABE /* Release */,
			);
			defaultConfigurationIsVisible = 0;
			defaultConfigurationName = Release;
		};
		AA20B96623BBD36100FF9ABE /* Build configuration list for PBXNativeTarget "MainApplication" */ = {
			isa = XCConfigurationList;
			buildConfigurations = (
				AA20B96723BBD36100FF9ABE /* Debug */,
				AA20B96823BBD36100FF9ABE /* Release */,
			);
			defaultConfigurationIsVisible = 0;
			defaultConfigurationName = Release;
		};
/* End XCConfigurationList section */
	};
	rootObject = AA20B94A23BBD35F00FF9ABE /* Project object */;
}
